
Microsoft Visual Studio Solution File, Format Version 12.00
# Visual Studio Version 17
VisualStudioVersion = 17.13.35931.197 d17.13
MinimumVisualStudioVersion = 10.0.40219.1
Project("{FAE04EC0-301F-11D3-BF4B-00C04F79EFBC}") = "Tracker", "Tracker\Tracker.csproj", "{B41E8649-3EA8-4A82-AD89-E694742BBC1E}"
EndProject
Global
	GlobalSection(SolutionConfigurationPlatforms) = preSolution
		Debug|Any CPU = Debug|Any CPU
		Release|Any CPU = Release|Any CPU
	EndGlobalSection
	GlobalSection(ProjectConfigurationPlatforms) = postSolution
		{B41E8649-3EA8-4A82-AD89-E694742BBC1E}.Debug|Any CPU.ActiveCfg = Debug|Any CPU
		{B41E8649-3EA8-4A82-AD89-E694742BBC1E}.Debug|Any CPU.Build.0 = Debug|Any CPU
		{B41E8649-3EA8-4A82-AD89-E694742BBC1E}.Release|Any CPU.ActiveCfg = Release|Any CPU
		{B41E8649-3EA8-4A82-AD89-E694742BBC1E}.Release|Any CPU.Build.0 = Release|Any CPU
	EndGlobalSection
	GlobalSection(SolutionProperties) = preSolution
		HideSolutionNode = FALSE
	EndGlobalSection
	GlobalSection(ExtensibilityGlobals) = postSolution
		SolutionGuid = {5B2BCCA4-A32F-4642-BA62-9D6CA9E6C4F0}
	EndGlobalSection
EndGlobal
